
Microsoft Visual Studio Solution File, Format Version 12.00
# Visual Studio Version 17
VisualStudioVersion = 17.0.32126.317
MinimumVisualStudioVersion = 10.0.40219.1
Project("{FAE04EC0-301F-11D3-BF4B-00C04F79EFBC}") = "lab.Cmla.Tridiagonalmatrix", "lab.Cmla.Tridiagonalmatrix.csproj", "{F9911F14-E3CD-4DCE-B6DD-4FCB5C4319F4}"
EndProject
Global
	GlobalSection(SolutionConfigurationPlatforms) = preSolution
		Debug|Any CPU = Debug|Any CPU
		Release|Any CPU = Release|Any CPU
	EndGlobalSection
	GlobalSection(ProjectConfigurationPlatforms) = postSolution
		{F9911F14-E3CD-4DCE-B6DD-4FCB5C4319F4}.Debug|Any CPU.ActiveCfg = Debug|Any CPU
		{F9911F14-E3CD-4DCE-B6DD-4FCB5C4319F4}.Debug|Any CPU.Build.0 = Debug|Any CPU
		{F9911F14-E3CD-4DCE-B6DD-4FCB5C4319F4}.Release|Any CPU.ActiveCfg = Release|Any CPU
		{F9911F14-E3CD-4DCE-B6DD-4FCB5C4319F4}.Release|Any CPU.Build.0 = Release|Any CPU
	EndGlobalSection
	GlobalSection(SolutionProperties) = preSolution
		HideSolutionNode = FALSE
	EndGlobalSection
	GlobalSection(ExtensibilityGlobals) = postSolution
		SolutionGuid = {DBEDCB19-5DD4-46DD-89BB-C9D566BD0E2A}
	EndGlobalSection
EndGlobal
